
Microsoft Visual Studio Solution File, Format Version 12.00
# Visual Studio Version 16
VisualStudioVersion = 16.0.31424.327
MinimumVisualStudioVersion = 10.0.40219.1
Project("{FAE04EC0-301F-11D3-BF4B-00C04F79EFBC}") = "DocumentBuilder", "DocumentBuilder\DocumentBuilder.csproj", "{3216FC7D-1762-450D-A6DC-6EC2FFD1A041}"
EndProject
Global
	GlobalSection(SolutionConfigurationPlatforms) = preSolution
		Debug|Any CPU = Debug|Any CPU
		Release|Any CPU = Release|Any CPU
	EndGlobalSection
	GlobalSection(ProjectConfigurationPlatforms) = postSolution
		{3216FC7D-1762-450D-A6DC-6EC2FFD1A041}.Debug|Any CPU.ActiveCfg = Debug|Any CPU
		{3216FC7D-1762-450D-A6DC-6EC2FFD1A041}.Debug|Any CPU.Build.0 = Debug|Any CPU
		{3216FC7D-1762-450D-A6DC-6EC2FFD1A041}.Release|Any CPU.ActiveCfg = Release|Any CPU
		{3216FC7D-1762-450D-A6DC-6EC2FFD1A041}.Release|Any CPU.Build.0 = Release|Any CPU
	EndGlobalSection
	GlobalSection(SolutionProperties) = preSolution
		HideSolutionNode = FALSE
	EndGlobalSection
	GlobalSection(ExtensibilityGlobals) = postSolution
		SolutionGuid = {C9207747-FFE3-48FB-BB8C-8C5548B975A9}
	EndGlobalSection
EndGlobal
